github.com/mertdogan12/pulse-simple v0.0.0-20221221194818-6df0fbcc1f11 h1:HUDFf3HwgmUwOd1n5Mg3jmCiZKrBMJVCkTJaGLWUCKY=
github.com/mertdogan12/pulse-simple v0.0.0-20221221194818-6df0fbcc1f11/go.mod h1:WKGJgJ14X/sKhoaiy4sTfz3PH4JqJ3Dc7L3r63T6mvM=
github.com/mertdogan12/pulse-simple v0.0.0-20221221195313-1767d2617bdf h1:ExFNtOWnVl6Bj513BolLuUeD+3uOgHcZO58PM2iPw8s=
github.com/mertdogan12/pulse-simple v0.0.0-20221221195313-1767d2617bdf/go.mod h1:WKGJgJ14X/sKhoaiy4sTfz3PH4JqJ3Dc7L3r63T6mvM=
github.com/namsral/flag v1.7.4-pre h1:b2ScHhoCUkbsq0d2C15Mv+VU8bl8hAXV8arnWiOHNZs=
github.com/namsral/flag v1.7.4-pre/go.mod h1:OXldTctbM6SWH1K899kPZcf65KxJiD7MsceFUpB5yDo=
